<?xml version="1.0" encoding="utf-8"?>
<Project ToolsVersion="4.0" xmlns="http://schemas.microsoft.com/developer/msbuild/2003">
  <ItemGroup>
    <Filter Include="源文件">
      <UniqueIdentifier>{4FC737F1-C7A5-4376-A066-2A32D752A2FF}</UniqueIdentifier>
      <Extensions>cpp;c;cc;cxx;c++;cppm;ixx;def;odl;idl;hpj;bat;asm;asmx</Extensions>
    </Filter>
    <Filter Include="头文件">
      <UniqueIdentifier>{93995380-89BD-4b04-88EB-625FBE52EBFB}</UniqueIdentifier>
      <Extensions>h;hh;hpp;hxx;h++;hm;inl;inc;ipp;xsd</Extensions>
    </Filter>
    <Filter Include="资源文件">
      <UniqueIdentifier>{67DA6AB6-F800-4c08-8B7A-83BB121AAD01}</UniqueIdentifier>
      <Extensions>rc;ico;cur;bmp;dlg;rc2;rct;bin;rgs;gif;jpg;jpeg;jpe;resx;tiff;tif;png;wav;mfcribbon-ms</Extensions>
    </Filter>
  </ItemGroup>
  <ItemGroup>
    <ClInclude Include="PhysicsChara.h">
      <Filter>头文件</Filter>
    </ClInclude>
    <ClInclude Include="PhysicsFacility.h">
      <Filter>头文件</Filter>
    </ClInclude>
    <ClInclude Include="PhysicsObject.h">
      <Filter>头文件</Filter>
    </ClInclude>
    <ClInclude Include="PhysicsProjectile.h">
      <Filter>头文件</Filter>
    </ClInclude>
    <ClInclude Include="WorldSystem.h">
      <Filter>头文件</Filter>
    </ClInclude>
    <ClInclude Include="GameObject.h">
      <Filter>头文件</Filter>
    </ClInclude>
    <ClInclude Include="GlobalData.h">
      <Filter>头文件</Filter>
    </ClInclude>
    <ClInclude Include="UISystem.h">
      <Filter>头文件</Filter>
    </ClInclude>
    <ClInclude Include="Facility.h">
      <Filter>头文件</Filter>
    </ClInclude>
    <ClInclude Include="Chara.h">
      <Filter>头文件</Filter>
    </ClInclude>
    <ClInclude Include="Projectile.h">
      <Filter>头文件</Filter>
    </ClInclude>
    <ClInclude Include="Grid.h">
      <Filter>头文件</Filter>
    </ClInclude>
    <ClInclude Include="RenderingSystem.h">
      <Filter>头文件</Filter>
    </ClInclude>
    <ClInclude Include="RenderingAnimation.h">
      <Filter>头文件</Filter>
    </ClInclude>
    <ClInclude Include="EnumAnimationType.h">
      <Filter>头文件</Filter>
    </ClInclude>
    <ClInclude Include="PhysicsProjectilePoint.h">
      <Filter>头文件</Filter>
    </ClInclude>
    <ClInclude Include="PhysicsProjectileFlying.h">
      <Filter>头文件</Filter>
    </ClInclude>
    <ClInclude Include="PhysicsProjectileTarget.h">
      <Filter>头文件</Filter>
    </ClInclude>
    <ClInclude Include="Defined.h">
      <Filter>头文件</Filter>
    </ClInclude>
    <ClInclude Include="RenderingUnit.h">
      <Filter>头文件</Filter>
    </ClInclude>
    <ClInclude Include="RenderingText.h">
      <Filter>头文件</Filter>
    </ClInclude>
    <ClInclude Include="idea_debugger_physics.h">
      <Filter>头文件</Filter>
    </ClInclude>
    <ClInclude Include="GameToolkit.h">
      <Filter>头文件</Filter>
    </ClInclude>
    <ClInclude Include="idea_debugger_game_info.h">
      <Filter>头文件</Filter>
    </ClInclude>
    <ClInclude Include="Monster.h">
      <Filter>头文件</Filter>
    </ClInclude>
    <ClInclude Include="idea_monster_slime.h">
      <Filter>头文件</Filter>
    </ClInclude>
    <ClInclude Include="Warrior.h">
      <Filter>头文件</Filter>
    </ClInclude>
    <ClInclude Include="idea_UI_inspector.h">
      <Filter>头文件</Filter>
    </ClInclude>
    <ClInclude Include="idea_UI_scope.h">
      <Filter>头文件</Filter>
    </ClInclude>
    <ClInclude Include="CountingContainer.h">
      <Filter>头文件</Filter>
    </ClInclude>
    <ClInclude Include="UIObject.h">
      <Filter>头文件</Filter>
    </ClInclude>
    <ClInclude Include="UIButton.h">
      <Filter>头文件</Filter>
    </ClInclude>
    <ClInclude Include="idea_UI_inspector_exit.h">
      <Filter>头文件</Filter>
    </ClInclude>
    <ClInclude Include="idea_facility_ladder.h">
      <Filter>头文件</Filter>
    </ClInclude>
    <ClInclude Include="FacilityVarious.h">
      <Filter>头文件</Filter>
    </ClInclude>
    <ClInclude Include="idea_facility_dirt_background.h">
      <Filter>头文件</Filter>
    </ClInclude>
    <ClInclude Include="idea_UI_button_menu.h">
      <Filter>头文件</Filter>
    </ClInclude>
    <ClInclude Include="idea_UI_speed_controller.h">
      <Filter>头文件</Filter>
    </ClInclude>
    <ClInclude Include="idea_UI_energy.h">
      <Filter>头文件</Filter>
    </ClInclude>
    <ClInclude Include="UIScroll.h">
      <Filter>头文件</Filter>
    </ClInclude>
    <ClInclude Include="Gene.h">
      <Filter>头文件</Filter>
    </ClInclude>
    <ClInclude Include="idea_UI_sizer.h">
      <Filter>头文件</Filter>
    </ClInclude>
    <ClInclude Include="idea_UI_sizer_button.h">
      <Filter>头文件</Filter>
    </ClInclude>
    <ClInclude Include="abstract_inspect_target.h">
      <Filter>头文件</Filter>
    </ClInclude>
    <ClInclude Include="Particle.h">
      <Filter>头文件</Filter>
    </ClInclude>
    <ClInclude Include="idea_projectile_chop.h">
      <Filter>头文件</Filter>
    </ClInclude>
    <ClInclude Include="integration_recorder.h">
      <Filter>头文件</Filter>
    </ClInclude>
    <ClInclude Include="idea_particle_goldust.h">
      <Filter>头文件</Filter>
    </ClInclude>
    <ClInclude Include="idea_particle_poisoned.h">
      <Filter>头文件</Filter>
    </ClInclude>
    <ClInclude Include="integrate_particles_maker.h">
      <Filter>头文件</Filter>
    </ClInclude>
    <ClInclude Include="idea_particle_flame.h">
      <Filter>头文件</Filter>
    </ClInclude>
    <ClInclude Include="idea_particle_dizzy.h">
      <Filter>头文件</Filter>
    </ClInclude>
  </ItemGroup>
  <ItemGroup>
    <ClCompile Include="GameObject.cpp">
      <Filter>源文件</Filter>
    </ClCompile>
    <ClCompile Include="PhysicsChara.cpp">
      <Filter>源文件</Filter>
    </ClCompile>
    <ClCompile Include="PhysicsFacility.cpp">
      <Filter>源文件</Filter>
    </ClCompile>
    <ClCompile Include="PhysicsObject.cpp">
      <Filter>源文件</Filter>
    </ClCompile>
    <ClCompile Include="PhysicsProjectile.cpp">
      <Filter>源文件</Filter>
    </ClCompile>
    <ClCompile Include="WorldSystem.cpp">
      <Filter>源文件</Filter>
    </ClCompile>
    <ClCompile Include="GlobalData.cpp">
      <Filter>源文件</Filter>
    </ClCompile>
    <ClCompile Include="main.cpp">
      <Filter>源文件</Filter>
    </ClCompile>
    <ClCompile Include="UISystem.cpp">
      <Filter>源文件</Filter>
    </ClCompile>
    <ClCompile Include="Facility.cpp">
      <Filter>源文件</Filter>
    </ClCompile>
    <ClCompile Include="Chara.cpp">
      <Filter>源文件</Filter>
    </ClCompile>
    <ClCompile Include="Projectile.cpp">
      <Filter>源文件</Filter>
    </ClCompile>
    <ClCompile Include="Grid.cpp">
      <Filter>源文件</Filter>
    </ClCompile>
    <ClCompile Include="RenderingSystem.cpp">
      <Filter>源文件</Filter>
    </ClCompile>
    <ClCompile Include="RenderingAnimation.cpp">
      <Filter>源文件</Filter>
    </ClCompile>
    <ClCompile Include="PhysicsProjectilePoint.cpp">
      <Filter>源文件</Filter>
    </ClCompile>
    <ClCompile Include="PhysicsProjectileFlying.cpp">
      <Filter>源文件</Filter>
    </ClCompile>
    <ClCompile Include="PhysicsProjectileTarget.cpp">
      <Filter>源文件</Filter>
    </ClCompile>
    <ClCompile Include="RenderingUnit.cpp">
      <Filter>源文件</Filter>
    </ClCompile>
    <ClCompile Include="RenderingText.cpp">
      <Filter>源文件</Filter>
    </ClCompile>
    <ClCompile Include="GameToolkit.cpp">
      <Filter>源文件</Filter>
    </ClCompile>
    <ClCompile Include="idea_debugger_game_info.cpp">
      <Filter>源文件</Filter>
    </ClCompile>
    <ClCompile Include="Monster.cpp">
      <Filter>源文件</Filter>
    </ClCompile>
    <ClCompile Include="idea_monster_slime.cpp">
      <Filter>源文件</Filter>
    </ClCompile>
    <ClCompile Include="Warrior.cpp">
      <Filter>源文件</Filter>
    </ClCompile>
    <ClCompile Include="idea_UI_inspector.cpp">
      <Filter>源文件</Filter>
    </ClCompile>
    <ClCompile Include="idea_UI_scope.cpp">
      <Filter>源文件</Filter>
    </ClCompile>
    <ClCompile Include="CountingContainer.cpp">
      <Filter>源文件</Filter>
    </ClCompile>
    <ClCompile Include="UIObject.cpp">
      <Filter>源文件</Filter>
    </ClCompile>
    <ClCompile Include="UIButton.cpp">
      <Filter>源文件</Filter>
    </ClCompile>
    <ClCompile Include="idea_UI_inspector_exit.cpp">
      <Filter>源文件</Filter>
    </ClCompile>
    <ClCompile Include="idea_facility_ladder.cpp">
      <Filter>源文件</Filter>
    </ClCompile>
    <ClCompile Include="FacilityVarious.cpp">
      <Filter>源文件</Filter>
    </ClCompile>
    <ClCompile Include="idea_facility_dirt_background.cpp">
      <Filter>源文件</Filter>
    </ClCompile>
    <ClCompile Include="idea_UI_button_menu.cpp">
      <Filter>源文件</Filter>
    </ClCompile>
    <ClCompile Include="idea_UI_speed_controller.cpp">
      <Filter>源文件</Filter>
    </ClCompile>
    <ClCompile Include="idea_debugger_physics.cpp">
      <Filter>源文件</Filter>
    </ClCompile>
    <ClCompile Include="idea_UI_energy.cpp">
      <Filter>源文件</Filter>
    </ClCompile>
    <ClCompile Include="UIScroll.cpp">
      <Filter>源文件</Filter>
    </ClCompile>
    <ClCompile Include="Gene.cpp">
      <Filter>源文件</Filter>
    </ClCompile>
    <ClCompile Include="idea_UI_sizer.cpp">
      <Filter>源文件</Filter>
    </ClCompile>
    <ClCompile Include="idea_UI_sizer_button.cpp">
      <Filter>源文件</Filter>
    </ClCompile>
    <ClCompile Include="abstract_inspect_target.cpp">
      <Filter>源文件</Filter>
    </ClCompile>
    <ClCompile Include="Particle.cpp">
      <Filter>源文件</Filter>
    </ClCompile>
    <ClCompile Include="idea_projectile_chop.cpp">
      <Filter>源文件</Filter>
    </ClCompile>
    <ClCompile Include="idea_particle_goldust.cpp">
      <Filter>源文件</Filter>
    </ClCompile>
    <ClCompile Include="idea_particle_poisoned.cpp">
      <Filter>源文件</Filter>
    </ClCompile>
    <ClCompile Include="integrate_particles_maker.cpp">
      <Filter>源文件</Filter>
    </ClCompile>
    <ClCompile Include="idea_particle_flame.cpp">
      <Filter>源文件</Filter>
    </ClCompile>
    <ClCompile Include="idea_particle_dizzy.cpp">
      <Filter>源文件</Filter>
    </ClCompile>
  </ItemGroup>
</Project>